
Microsoft Visual Studio Solution File, Format Version 9.00
# Visual Studio 2005
Project("{FAE04EC0-301F-11D3-BF4B-00C04F79EFBC}") = "Module3.5", "Module3.5\Module3.5.csproj", "{3834BB29-4D6A-4862-ADF3-1E9EFE9BDED7}"
EndProject
Global
	GlobalSection(SolutionConfigurationPlatforms) = preSolution
		Debug|Any CPU = Debug|Any CPU
		Release|Any CPU = Release|Any CPU
	EndGlobalSection
	GlobalSection(ProjectConfigurationPlatforms) = postSolution
		{3834BB29-4D6A-4862-ADF3-1E9EFE9BDED7}.Debug|Any CPU.ActiveCfg = Debug|Any CPU
		{3834BB29-4D6A-4862-ADF3-1E9EFE9BDED7}.Debug|Any CPU.Build.0 = Debug|Any CPU
		{3834BB29-4D6A-4862-ADF3-1E9EFE9BDED7}.Release|Any CPU.ActiveCfg = Release|Any CPU
		{3834BB29-4D6A-4862-ADF3-1E9EFE9BDED7}.Release|Any CPU.Build.0 = Release|Any CPU
	EndGlobalSection
	GlobalSection(SolutionProperties) = preSolution
		HideSolutionNode = FALSE
	EndGlobalSection
EndGlobal
