
Microsoft Visual Studio Solution File, Format Version 9.00
# Visual Studio 2005
Project("{FAE04EC0-301F-11D3-BF4B-00C04F79EFBC}") = "Module2", "Module2.csproj", "{6B67CFFD-E262-419A-A9FD-B6D8CD0A7F51}"
EndProject
Global
	GlobalSection(SolutionConfigurationPlatforms) = preSolution
		Debug|Any CPU = Debug|Any CPU
		Release|Any CPU = Release|Any CPU
	EndGlobalSection
	GlobalSection(ProjectConfigurationPlatforms) = postSolution
		{6B67CFFD-E262-419A-A9FD-B6D8CD0A7F51}.Debug|Any CPU.ActiveCfg = Debug|Any CPU
		{6B67CFFD-E262-419A-A9FD-B6D8CD0A7F51}.Debug|Any CPU.Build.0 = Debug|Any CPU
		{6B67CFFD-E262-419A-A9FD-B6D8CD0A7F51}.Release|Any CPU.ActiveCfg = Release|Any CPU
		{6B67CFFD-E262-419A-A9FD-B6D8CD0A7F51}.Release|Any CPU.Build.0 = Release|Any CPU
	EndGlobalSection
	GlobalSection(SolutionProperties) = preSolution
		HideSolutionNode = FALSE
	EndGlobalSection
EndGlobal
